
Microsoft Visual Studio Solution File, Format Version 12.00
# Visual Studio Version 16
VisualStudioVersion = 16.0.30330.147
MinimumVisualStudioVersion = 10.0.40219.1
Project("{FAE04EC0-301F-11D3-BF4B-00C04F79EFBC}") = "RstCountry", "RstCountry\RstCountry.csproj", "{B30BE5D1-57EB-4BAD-8E78-10E297BC06C3}"
EndProject
Project("{FAE04EC0-301F-11D3-BF4B-00C04F79EFBC}") = "RstCountry.Tests", "RstCountry.Tests\RstCountry.Tests.csproj", "{FFD1F5EC-92CF-476D-AC44-9A031258BD1F}"
EndProject
Global
	GlobalSection(SolutionConfigurationPlatforms) = preSolution
		Debug|Any CPU = Debug|Any CPU
		Release|Any CPU = Release|Any CPU
	EndGlobalSection
	GlobalSection(ProjectConfigurationPlatforms) = postSolution
		{B30BE5D1-57EB-4BAD-8E78-10E297BC06C3}.Debug|Any CPU.ActiveCfg = Debug|Any CPU
		{B30BE5D1-57EB-4BAD-8E78-10E297BC06C3}.Debug|Any CPU.Build.0 = Debug|Any CPU
		{B30BE5D1-57EB-4BAD-8E78-10E297BC06C3}.Release|Any CPU.ActiveCfg = Release|Any CPU
		{B30BE5D1-57EB-4BAD-8E78-10E297BC06C3}.Release|Any CPU.Build.0 = Release|Any CPU
		{FFD1F5EC-92CF-476D-AC44-9A031258BD1F}.Debug|Any CPU.ActiveCfg = Debug|Any CPU
		{FFD1F5EC-92CF-476D-AC44-9A031258BD1F}.Debug|Any CPU.Build.0 = Debug|Any CPU
		{FFD1F5EC-92CF-476D-AC44-9A031258BD1F}.Release|Any CPU.ActiveCfg = Release|Any CPU
		{FFD1F5EC-92CF-476D-AC44-9A031258BD1F}.Release|Any CPU.Build.0 = Release|Any CPU
	EndGlobalSection
	GlobalSection(SolutionProperties) = preSolution
		HideSolutionNode = FALSE
	EndGlobalSection
	GlobalSection(ExtensibilityGlobals) = postSolution
		SolutionGuid = {E8745EE0-E96D-4D30-ADE2-FF665583CFB1}
	EndGlobalSection
EndGlobal
